
Microsoft Visual Studio Solution File, Format Version 12.00
# Visual Studio Version 16
VisualStudioVersion = 16.0.30225.117
MinimumVisualStudioVersion = 10.0.40219.1
Project("{9A19103F-16F7-4668-BE54-9A1E7A4F7556}") = "AuthorizationServer", "src\AuthorizationServer\AuthorizationServer.csproj", "{0F2F9153-080C-4A7F-B7AE-DCC50834B1C9}"
EndProject
Project("{9A19103F-16F7-4668-BE54-9A1E7A4F7556}") = "MvcClient", "src\MvcClient\MvcClient.csproj", "{37B59049-A133-4394-96DF-35ED9A813470}"
EndProject
Project("{9A19103F-16F7-4668-BE54-9A1E7A4F7556}") = "WeatherAPI", "src\WeatherAPI\WeatherAPI.csproj", "{49A0CE12-5406-4917-AE1D-ACE20AEFEAF2}"
EndProject
Global
	GlobalSection(SolutionConfigurationPlatforms) = preSolution
		Debug|Any CPU = Debug|Any CPU
		Release|Any CPU = Release|Any CPU
	EndGlobalSection
	GlobalSection(ProjectConfigurationPlatforms) = postSolution
		{0F2F9153-080C-4A7F-B7AE-DCC50834B1C9}.Debug|Any CPU.ActiveCfg = Debug|Any CPU
		{0F2F9153-080C-4A7F-B7AE-DCC50834B1C9}.Debug|Any CPU.Build.0 = Debug|Any CPU
		{0F2F9153-080C-4A7F-B7AE-DCC50834B1C9}.Release|Any CPU.ActiveCfg = Release|Any CPU
		{0F2F9153-080C-4A7F-B7AE-DCC50834B1C9}.Release|Any CPU.Build.0 = Release|Any CPU
		{37B59049-A133-4394-96DF-35ED9A813470}.Debug|Any CPU.ActiveCfg = Debug|Any CPU
		{37B59049-A133-4394-96DF-35ED9A813470}.Debug|Any CPU.Build.0 = Debug|Any CPU
		{37B59049-A133-4394-96DF-35ED9A813470}.Release|Any CPU.ActiveCfg = Release|Any CPU
		{37B59049-A133-4394-96DF-35ED9A813470}.Release|Any CPU.Build.0 = Release|Any CPU
		{49A0CE12-5406-4917-AE1D-ACE20AEFEAF2}.Debug|Any CPU.ActiveCfg = Debug|Any CPU
		{49A0CE12-5406-4917-AE1D-ACE20AEFEAF2}.Debug|Any CPU.Build.0 = Debug|Any CPU
		{49A0CE12-5406-4917-AE1D-ACE20AEFEAF2}.Release|Any CPU.ActiveCfg = Release|Any CPU
		{49A0CE12-5406-4917-AE1D-ACE20AEFEAF2}.Release|Any CPU.Build.0 = Release|Any CPU
	EndGlobalSection
	GlobalSection(SolutionProperties) = preSolution
		HideSolutionNode = FALSE
	EndGlobalSection
	GlobalSection(ExtensibilityGlobals) = postSolution
		SolutionGuid = {8FFA83C1-AEFC-410A-BFB7-137047703DCE}
	EndGlobalSection
EndGlobal
